{
  "name": "TurnUp",
  "lockfileVersion": 2,
  "requires": true,
  "packages": {
    "": {
      "dependencies": {
        "react-time-picker": "^6.5.2"
      }
    },
    "node_modules/@types/lodash": {
      "version": "4.14.201",
      "resolved": "https://registry.npmjs.org/@types/lodash/-/lodash-4.14.201.tgz",
      "integrity": "sha512-y9euML0cim1JrykNxADLfaG0FgD1g/yTHwUs/Jg9ZIU7WKj2/4IW9Lbb1WZbvck78W/lfGXFfe+u2EGfIJXdLQ=="
    },
    "node_modules/@types/lodash.memoize": {
      "version": "4.1.9",
      "resolved": "https://registry.npmjs.org/@types/lodash.memoize/-/lodash.memoize-4.1.9.tgz",
      "integrity": "sha512-glY1nQuoqX4Ft8Uk+KfJudOD7DQbbEDF6k9XpGncaohW3RW4eSWBlx6AA0fZCrh40tZcQNH4jS/Oc59J6Eq+aw==",
      "dependencies": {
        "@types/lodash": "*"
      }
    },
    "node_modules/@wojtekmaj/date-utils": {
      "version": "1.5.1",
      "resolved": "https://registry.npmjs.org/@wojtekmaj/date-utils/-/date-utils-1.5.1.tgz",
      "integrity": "sha512-+i7+JmNiE/3c9FKxzWFi2IjRJ+KzZl1QPu6QNrsgaa2MuBgXvUy4gA1TVzf/JMdIIloB76xSKikTWuyYAIVLww==",
      "funding": {
        "url": "https://github.com/wojtekmaj/date-utils?sponsor=1"
      }
    },
    "node_modules/clsx": {
      "version": "2.0.0",
      "resolved": "https://registry.npmjs.org/clsx/-/clsx-2.0.0.tgz",
      "integrity": "sha512-rQ1+kcj+ttHG0MKVGBUXwayCCF1oh39BF5COIpRzuCEv8Mwjv0XucrI2ExNTOn9IlLifGClWQcU9BrZORvtw6Q==",
      "engines": {
        "node": ">=6"
      }
    },
    "node_modules/detect-element-overflow": {
      "version": "1.4.2",
      "resolved": "https://registry.npmjs.org/detect-element-overflow/-/detect-element-overflow-1.4.2.tgz",
      "integrity": "sha512-4m6cVOtvm/GJLjo7WFkPfwXoEIIbM7GQwIh4WEa4g7IsNi1YzwUsGL5ApNLrrHL29bHeNeQ+/iZhw+YHqgE2Fw==",
      "funding": {
        "url": "https://github.com/wojtekmaj/detect-element-overflow?sponsor=1"
      }
    },
    "node_modules/get-user-locale": {
      "version": "2.3.1",
      "resolved": "https://registry.npmjs.org/get-user-locale/-/get-user-locale-2.3.1.tgz",
      "integrity": "sha512-VEvcsqKYx7zhZYC1CjecrDC5ziPSpl1gSm0qFFJhHSGDrSC+x4+p1KojWC/83QX//j476gFhkVXP/kNUc9q+bQ==",
      "dependencies": {
        "@types/lodash.memoize": "^4.1.7",
        "lodash.memoize": "^4.1.1"
      },
      "funding": {
        "url": "https://github.com/wojtekmaj/get-user-locale?sponsor=1"
      }
    },
    "node_modules/js-tokens": {
      "version": "4.0.0",
      "resolved": "https://registry.npmjs.org/js-tokens/-/js-tokens-4.0.0.tgz",
      "integrity": "sha512-RdJUflcE3cUzKiMqQgsCu06FPu9UdIJO0beYbPhHN4k6apgJtifcoCtT9bcxOpYBtpD2kCM6Sbzg4CausW/PKQ=="
    },
    "node_modules/lodash.memoize": {
      "version": "4.1.2",
      "resolved": "https://registry.npmjs.org/lodash.memoize/-/lodash.memoize-4.1.2.tgz",
      "integrity": "sha512-t7j+NzmgnQzTAYXcsHYLgimltOV1MXHtlOWf6GjL9Kj8GK5FInw5JotxvbOs+IvV1/Dzo04/fCGfLVs7aXb4Ag=="
    },
    "node_modules/loose-envify": {
      "version": "1.4.0",
      "resolved": "https://registry.npmjs.org/loose-envify/-/loose-envify-1.4.0.tgz",
      "integrity": "sha512-lyuxPGr/Wfhrlem2CL/UcnUc1zcqKAImBDzukY7Y5F/yQiNdko6+fRLevlw1HgMySw7f611UIY408EtxRSoK3Q==",
      "dependencies": {
        "js-tokens": "^3.0.0 || ^4.0.0"
      },
      "bin": {
        "loose-envify": "cli.js"
      }
    },
    "node_modules/make-event-props": {
      "version": "1.6.2",
      "resolved": "https://registry.npmjs.org/make-event-props/-/make-event-props-1.6.2.tgz",
      "integrity": "sha512-iDwf7mA03WPiR8QxvcVHmVWEPfMY1RZXerDVNCRYW7dUr2ppH3J58Rwb39/WG39yTZdRSxr3x+2v22tvI0VEvA==",
      "funding": {
        "url": "https://github.com/wojtekmaj/make-event-props?sponsor=1"
      }
    },
    "node_modules/object-assign": {
      "version": "4.1.1",
      "resolved": "https://registry.npmjs.org/object-assign/-/object-assign-4.1.1.tgz",
      "integrity": "sha512-rJgTQnkUnH1sFw8yT6VSU3zD3sWmu6sZhIseY8VX+GRu3P6F7Fu+JNDoXfklElbLJSnc3FUQHVe4cU5hj+BcUg==",
      "engines": {
        "node": ">=0.10.0"
      }
    },
    "node_modules/prop-types": {
      "version": "15.8.1",
      "resolved": "https://registry.npmjs.org/prop-types/-/prop-types-15.8.1.tgz",
      "integrity": "sha512-oj87CgZICdulUohogVAR7AjlC0327U4el4L6eAvOqCeudMDVU0NThNaV+b9Df4dXgSP1gXMTnPdhfe/2qDH5cg==",
      "dependencies": {
        "loose-envify": "^1.4.0",
        "object-assign": "^4.1.1",
        "react-is": "^16.13.1"
      }
    },
    "node_modules/react": {
      "version": "18.2.0",
      "resolved": "https://registry.npmjs.org/react/-/react-18.2.0.tgz",
      "integrity": "sha512-/3IjMdb2L9QbBdWiW5e3P2/npwMBaU9mHCSCUzNln0ZCYbcfTsGbTJrU/kGemdH2IWmB2ioZ+zkxtmq6g09fGQ==",
      "peer": true,
      "dependencies": {
        "loose-envify": "^1.1.0"
      },
      "engines": {
        "node": ">=0.10.0"
      }
    },
    "node_modules/react-clock": {
      "version": "4.5.1",
      "resolved": "https://registry.npmjs.org/react-clock/-/react-clock-4.5.1.tgz",
      "integrity": "sha512-xcSpsehBpX0NHwjEzZ9BP4Ouv54nlYqDMHoone82xW7TpPdkWNrBQd4+SiMQfbpqj1yvh2kSwn6FXffw37gAkw==",
      "dependencies": {
        "@wojtekmaj/date-utils": "^1.5.0",
        "clsx": "^2.0.0",
        "get-user-locale": "^2.2.1",
        "prop-types": "^15.6.0"
      },
      "funding": {
        "url": "https://github.com/wojtekmaj/react-clock?sponsor=1"
      },
      "peerDependencies": {
        "@types/react": "^16.8.0 || ^17.0.0 || ^18.0.0",
        "react": "^16.8.0 || ^17.0.0 || ^18.0.0",
        "react-dom": "^16.8.0 || ^17.0.0 || ^18.0.0"
      },
      "peerDependenciesMeta": {
        "@types/react": {
          "optional": true
        }
      }
    },
    "node_modules/react-dom": {
      "version": "18.2.0",
      "resolved": "https://registry.npmjs.org/react-dom/-/react-dom-18.2.0.tgz",
      "integrity": "sha512-6IMTriUmvsjHUjNtEDudZfuDQUoWXVxKHhlEGSk81n4YFS+r/Kl99wXiwlVXtPBtJenozv2P+hxDsw9eA7Xo6g==",
      "peer": true,
      "dependencies": {
        "loose-envify": "^1.1.0",
        "scheduler": "^0.23.0"
      },
      "peerDependencies": {
        "react": "^18.2.0"
      }
    },
    "node_modules/react-fit": {
      "version": "1.7.1",
      "resolved": "https://registry.npmjs.org/react-fit/-/react-fit-1.7.1.tgz",
      "integrity": "sha512-y/TYovCCBzfIwRJsbLj0rH4Es40wPQhU5GPPq9GlbdF09b0OdzTdMSkBza0QixSlgFzTm6dkM7oTFzaVvaBx+w==",
      "dependencies": {
        "detect-element-overflow": "^1.4.0",
        "prop-types": "^15.6.0",
        "tiny-warning": "^1.0.0"
      },
      "funding": {
        "url": "https://github.com/wojtekmaj/react-fit?sponsor=1"
      },
      "peerDependencies": {
        "@types/react": "^16.8.0 || ^17.0.0 || ^18.0.0",
        "@types/react-dom": "^16.8.0 || ^17.0.0 || ^18.0.0",
        "react": "^16.8.0 || ^17.0.0 || ^18.0.0",
        "react-dom": "^16.8.0 || ^17.0.0 || ^18.0.0"
      },
      "peerDependenciesMeta": {
        "@types/react": {
          "optional": true
        },
        "@types/react-dom": {
          "optional": true
        }
      }
    },
    "node_modules/react-is": {
      "version": "16.13.1",
      "resolved": "https://registry.npmjs.org/react-is/-/react-is-16.13.1.tgz",
      "integrity": "sha512-24e6ynE2H+OKt4kqsOvNd8kBpV65zoxbA4BVsEOB3ARVWQki/DHzaUoC5KuON/BiccDaCCTZBuOcfZs70kR8bQ=="
    },
    "node_modules/react-time-picker": {
      "version": "6.5.2",
      "resolved": "https://registry.npmjs.org/react-time-picker/-/react-time-picker-6.5.2.tgz",
      "integrity": "sha512-xRamxjndpq3HfnEL+6T3VyirLMEn4D974OJgs9sTP8iJX/RB02rmwy09C9oBThTGuN3ycbozn06iYLn148vcdw==",
      "dependencies": {
        "@wojtekmaj/date-utils": "^1.1.3",
        "clsx": "^2.0.0",
        "get-user-locale": "^2.2.1",
        "make-event-props": "^1.6.0",
        "prop-types": "^15.6.0",
        "react-clock": "^4.5.0",
        "react-fit": "^1.7.0",
        "update-input-width": "^1.4.0"
      },
      "funding": {
        "url": "https://github.com/wojtekmaj/react-time-picker?sponsor=1"
      },
      "peerDependencies": {
        "@types/react": "^16.8.0 || ^17.0.0 || ^18.0.0",
        "react": "^16.8.0 || ^17.0.0 || ^18.0.0",
        "react-dom": "^16.8.0 || ^17.0.0 || ^18.0.0"
      },
      "peerDependenciesMeta": {
        "@types/react": {
          "optional": true
        }
      }
    },
    "node_modules/scheduler": {
      "version": "0.23.0",
      "resolved": "https://registry.npmjs.org/scheduler/-/scheduler-0.23.0.tgz",
      "integrity": "sha512-CtuThmgHNg7zIZWAXi3AsyIzA3n4xx7aNyjwC2VJldO2LMVDhFK+63xGqq6CsJH4rTAt6/M+N4GhZiDYPx9eUw==",
      "peer": true,
      "dependencies": {
        "loose-envify": "^1.1.0"
      }
    },
    "node_modules/tiny-warning": {
      "version": "1.0.3",
      "resolved": "https://registry.npmjs.org/tiny-warning/-/tiny-warning-1.0.3.tgz",
      "integrity": "sha512-lBN9zLN/oAf68o3zNXYrdCt1kP8WsiGW8Oo2ka41b2IM5JL/S1CTyX1rW0mb/zSuJun0ZUrDxx4sqvYS2FWzPA=="
    },
    "node_modules/update-input-width": {
      "version": "1.4.2",
      "resolved": "https://registry.npmjs.org/update-input-width/-/update-input-width-1.4.2.tgz",
      "integrity": "sha512-/p0XLhrQQQ4bMWD7bL9duYObwYCO1qGr8R19xcMmoMSmXuQ7/1//veUnCObQ7/iW6E2pGS6rFkS4TfH4ur7e/g==",
      "funding": {
        "url": "https://github.com/wojtekmaj/update-input-width?sponsor=1"
      }
    }
  },
  "dependencies": {
    "@types/lodash": {
      "version": "4.14.201",
      "resolved": "https://registry.npmjs.org/@types/lodash/-/lodash-4.14.201.tgz",
      "integrity": "sha512-y9euML0cim1JrykNxADLfaG0FgD1g/yTHwUs/Jg9ZIU7WKj2/4IW9Lbb1WZbvck78W/lfGXFfe+u2EGfIJXdLQ=="
    },
    "@types/lodash.memoize": {
      "version": "4.1.9",
      "resolved": "https://registry.npmjs.org/@types/lodash.memoize/-/lodash.memoize-4.1.9.tgz",
      "integrity": "sha512-glY1nQuoqX4Ft8Uk+KfJudOD7DQbbEDF6k9XpGncaohW3RW4eSWBlx6AA0fZCrh40tZcQNH4jS/Oc59J6Eq+aw==",
      "requires": {
        "@types/lodash": "*"
      }
    },
    "@wojtekmaj/date-utils": {
      "version": "1.5.1",
      "resolved": "https://registry.npmjs.org/@wojtekmaj/date-utils/-/date-utils-1.5.1.tgz",
      "integrity": "sha512-+i7+JmNiE/3c9FKxzWFi2IjRJ+KzZl1QPu6QNrsgaa2MuBgXvUy4gA1TVzf/JMdIIloB76xSKikTWuyYAIVLww=="
    },
    "clsx": {
      "version": "2.0.0",
      "resolved": "https://registry.npmjs.org/clsx/-/clsx-2.0.0.tgz",
      "integrity": "sha512-rQ1+kcj+ttHG0MKVGBUXwayCCF1oh39BF5COIpRzuCEv8Mwjv0XucrI2ExNTOn9IlLifGClWQcU9BrZORvtw6Q=="
    },
    "detect-element-overflow": {
      "version": "1.4.2",
      "resolved": "https://registry.npmjs.org/detect-element-overflow/-/detect-element-overflow-1.4.2.tgz",
      "integrity": "sha512-4m6cVOtvm/GJLjo7WFkPfwXoEIIbM7GQwIh4WEa4g7IsNi1YzwUsGL5ApNLrrHL29bHeNeQ+/iZhw+YHqgE2Fw=="
    },
    "get-user-locale": {
      "version": "2.3.1",
      "resolved": "https://registry.npmjs.org/get-user-locale/-/get-user-locale-2.3.1.tgz",
      "integrity": "sha512-VEvcsqKYx7zhZYC1CjecrDC5ziPSpl1gSm0qFFJhHSGDrSC+x4+p1KojWC/83QX//j476gFhkVXP/kNUc9q+bQ==",
      "requires": {
        "@types/lodash.memoize": "^4.1.7",
        "lodash.memoize": "^4.1.1"
      }
    },
    "js-tokens": {
      "version": "4.0.0",
      "resolved": "https://registry.npmjs.org/js-tokens/-/js-tokens-4.0.0.tgz",
      "integrity": "sha512-RdJUflcE3cUzKiMqQgsCu06FPu9UdIJO0beYbPhHN4k6apgJtifcoCtT9bcxOpYBtpD2kCM6Sbzg4CausW/PKQ=="
    },
    "lodash.memoize": {
      "version": "4.1.2",
      "resolved": "https://registry.npmjs.org/lodash.memoize/-/lodash.memoize-4.1.2.tgz",
      "integrity": "sha512-t7j+NzmgnQzTAYXcsHYLgimltOV1MXHtlOWf6GjL9Kj8GK5FInw5JotxvbOs+IvV1/Dzo04/fCGfLVs7aXb4Ag=="
    },
    "loose-envify": {
      "version": "1.4.0",
      "resolved": "https://registry.npmjs.org/loose-envify/-/loose-envify-1.4.0.tgz",
      "integrity": "sha512-lyuxPGr/Wfhrlem2CL/UcnUc1zcqKAImBDzukY7Y5F/yQiNdko6+fRLevlw1HgMySw7f611UIY408EtxRSoK3Q==",
      "requires": {
        "js-tokens": "^3.0.0 || ^4.0.0"
      }
    },
    "make-event-props": {
      "version": "1.6.2",
      "resolved": "https://registry.npmjs.org/make-event-props/-/make-event-props-1.6.2.tgz",
      "integrity": "sha512-iDwf7mA03WPiR8QxvcVHmVWEPfMY1RZXerDVNCRYW7dUr2ppH3J58Rwb39/WG39yTZdRSxr3x+2v22tvI0VEvA=="
    },
    "object-assign": {
      "version": "4.1.1",
      "resolved": "https://registry.npmjs.org/object-assign/-/object-assign-4.1.1.tgz",
      "integrity": "sha512-rJgTQnkUnH1sFw8yT6VSU3zD3sWmu6sZhIseY8VX+GRu3P6F7Fu+JNDoXfklElbLJSnc3FUQHVe4cU5hj+BcUg=="
    },
    "prop-types": {
      "version": "15.8.1",
      "resolved": "https://registry.npmjs.org/prop-types/-/prop-types-15.8.1.tgz",
      "integrity": "sha512-oj87CgZICdulUohogVAR7AjlC0327U4el4L6eAvOqCeudMDVU0NThNaV+b9Df4dXgSP1gXMTnPdhfe/2qDH5cg==",
      "requires": {
        "loose-envify": "^1.4.0",
        "object-assign": "^4.1.1",
        "react-is": "^16.13.1"
      }
    },
    "react": {
      "version": "18.2.0",
      "resolved": "https://registry.npmjs.org/react/-/react-18.2.0.tgz",
      "integrity": "sha512-/3IjMdb2L9QbBdWiW5e3P2/npwMBaU9mHCSCUzNln0ZCYbcfTsGbTJrU/kGemdH2IWmB2ioZ+zkxtmq6g09fGQ==",
      "peer": true,
      "requires": {
        "loose-envify": "^1.1.0"
      }
    },
    "react-clock": {
      "version": "4.5.1",
      "resolved": "https://registry.npmjs.org/react-clock/-/react-clock-4.5.1.tgz",
      "integrity": "sha512-xcSpsehBpX0NHwjEzZ9BP4Ouv54nlYqDMHoone82xW7TpPdkWNrBQd4+SiMQfbpqj1yvh2kSwn6FXffw37gAkw==",
      "requires": {
        "@wojtekmaj/date-utils": "^1.5.0",
        "clsx": "^2.0.0",
        "get-user-locale": "^2.2.1",
        "prop-types": "^15.6.0"
      }
    },
    "react-dom": {
      "version": "18.2.0",
      "resolved": "https://registry.npmjs.org/react-dom/-/react-dom-18.2.0.tgz",
      "integrity": "sha512-6IMTriUmvsjHUjNtEDudZfuDQUoWXVxKHhlEGSk81n4YFS+r/Kl99wXiwlVXtPBtJenozv2P+hxDsw9eA7Xo6g==",
      "peer": true,
      "requires": {
        "loose-envify": "^1.1.0",
        "scheduler": "^0.23.0"
      }
    },
    "react-fit": {
      "version": "1.7.1",
      "resolved": "https://registry.npmjs.org/react-fit/-/react-fit-1.7.1.tgz",
      "integrity": "sha512-y/TYovCCBzfIwRJsbLj0rH4Es40wPQhU5GPPq9GlbdF09b0OdzTdMSkBza0QixSlgFzTm6dkM7oTFzaVvaBx+w==",
      "requires": {
        "detect-element-overflow": "^1.4.0",
        "prop-types": "^15.6.0",
        "tiny-warning": "^1.0.0"
      }
    },
    "react-is": {
      "version": "16.13.1",
      "resolved": "https://registry.npmjs.org/react-is/-/react-is-16.13.1.tgz",
      "integrity": "sha512-24e6ynE2H+OKt4kqsOvNd8kBpV65zoxbA4BVsEOB3ARVWQki/DHzaUoC5KuON/BiccDaCCTZBuOcfZs70kR8bQ=="
    },
    "react-time-picker": {
      "version": "6.5.2",
      "resolved": "https://registry.npmjs.org/react-time-picker/-/react-time-picker-6.5.2.tgz",
      "integrity": "sha512-xRamxjndpq3HfnEL+6T3VyirLMEn4D974OJgs9sTP8iJX/RB02rmwy09C9oBThTGuN3ycbozn06iYLn148vcdw==",
      "requires": {
        "@wojtekmaj/date-utils": "^1.1.3",
        "clsx": "^2.0.0",
        "get-user-locale": "^2.2.1",
        "make-event-props": "^1.6.0",
        "prop-types": "^15.6.0",
        "react-clock": "^4.5.0",
        "react-fit": "^1.7.0",
        "update-input-width": "^1.4.0"
      }
    },
    "scheduler": {
      "version": "0.23.0",
      "resolved": "https://registry.npmjs.org/scheduler/-/scheduler-0.23.0.tgz",
      "integrity": "sha512-CtuThmgHNg7zIZWAXi3AsyIzA3n4xx7aNyjwC2VJldO2LMVDhFK+63xGqq6CsJH4rTAt6/M+N4GhZiDYPx9eUw==",
      "peer": true,
      "requires": {
        "loose-envify": "^1.1.0"
      }
    },
    "tiny-warning": {
      "version": "1.0.3",
      "resolved": "https://registry.npmjs.org/tiny-warning/-/tiny-warning-1.0.3.tgz",
      "integrity": "sha512-lBN9zLN/oAf68o3zNXYrdCt1kP8WsiGW8Oo2ka41b2IM5JL/S1CTyX1rW0mb/zSuJun0ZUrDxx4sqvYS2FWzPA=="
    },
    "update-input-width": {
      "version": "1.4.2",
      "resolved": "https://registry.npmjs.org/update-input-width/-/update-input-width-1.4.2.tgz",
      "integrity": "sha512-/p0XLhrQQQ4bMWD7bL9duYObwYCO1qGr8R19xcMmoMSmXuQ7/1//veUnCObQ7/iW6E2pGS6rFkS4TfH4ur7e/g=="
    }
  }
}
